
Microsoft Visual Studio Solution File, Format Version 12.00
# Visual Studio Version 16
VisualStudioVersion = 16.0.30413.136
MinimumVisualStudioVersion = 10.0.40219.1
Project("{8BC9CEB8-8B4A-11D0-8D11-00A0C91BC942}") = "Server", "Server\Server.vcxproj", "{BB77D5A5-9BE4-4797-A423-42733708C022}"
EndProject
Project("{8BC9CEB8-8B4A-11D0-8D11-00A0C91BC942}") = "Client", "Client\Client.vcxproj", "{538C2AB2-7D8F-410B-B424-60D208E3341D}"
EndProject
Global
	GlobalSection(SolutionConfigurationPlatforms) = preSolution
		Debug|x64 = Debug|x64
		Debug|x86 = Debug|x86
		Release|x64 = Release|x64
		Release|x86 = Release|x86
	EndGlobalSection
	GlobalSection(ProjectConfigurationPlatforms) = postSolution
		{BB77D5A5-9BE4-4797-A423-42733708C022}.Debug|x64.ActiveCfg = Debug|x64
		{BB77D5A5-9BE4-4797-A423-42733708C022}.Debug|x64.Build.0 = Debug|x64
		{BB77D5A5-9BE4-4797-A423-42733708C022}.Debug|x86.ActiveCfg = Debug|Win32
		{BB77D5A5-9BE4-4797-A423-42733708C022}.Debug|x86.Build.0 = Debug|Win32
		{BB77D5A5-9BE4-4797-A423-42733708C022}.Release|x64.ActiveCfg = Release|x64
		{BB77D5A5-9BE4-4797-A423-42733708C022}.Release|x64.Build.0 = Release|x64
		{BB77D5A5-9BE4-4797-A423-42733708C022}.Release|x86.ActiveCfg = Release|Win32
		{BB77D5A5-9BE4-4797-A423-42733708C022}.Release|x86.Build.0 = Release|Win32
		{538C2AB2-7D8F-410B-B424-60D208E3341D}.Debug|x64.ActiveCfg = Debug|x64
		{538C2AB2-7D8F-410B-B424-60D208E3341D}.Debug|x64.Build.0 = Debug|x64
		{538C2AB2-7D8F-410B-B424-60D208E3341D}.Debug|x86.ActiveCfg = Debug|Win32
		{538C2AB2-7D8F-410B-B424-60D208E3341D}.Debug|x86.Build.0 = Debug|Win32
		{538C2AB2-7D8F-410B-B424-60D208E3341D}.Release|x64.ActiveCfg = Release|x64
		{538C2AB2-7D8F-410B-B424-60D208E3341D}.Release|x64.Build.0 = Release|x64
		{538C2AB2-7D8F-410B-B424-60D208E3341D}.Release|x86.ActiveCfg = Release|Win32
		{538C2AB2-7D8F-410B-B424-60D208E3341D}.Release|x86.Build.0 = Release|Win32
	EndGlobalSection
	GlobalSection(SolutionProperties) = preSolution
		HideSolutionNode = FALSE
	EndGlobalSection
	GlobalSection(ExtensibilityGlobals) = postSolution
		SolutionGuid = {5EABBB80-11B5-415C-90E3-49390AFF3180}
	EndGlobalSection
EndGlobal
